
Microsoft Visual Studio Solution File, Format Version 12.00
# Visual Studio Version 17
VisualStudioVersion = 17.1.32328.378
MinimumVisualStudioVersion = 10.0.40219.1
Project("{FAE04EC0-301F-11D3-BF4B-00C04F79EFBC}") = "MegBilisim.Data", "MegBilisim.Data\MegBilisim.Data.csproj", "{FACC081C-B620-4EDF-9DDE-FD3703A19D98}"
EndProject
Project("{FAE04EC0-301F-11D3-BF4B-00C04F79EFBC}") = "MegBilisim.Entities", "MegBilisim.Entities\MegBilisim.Entities.csproj", "{5311F6A7-C8DC-4206-99CA-403EB99F1FD0}"
EndProject
Project("{FAE04EC0-301F-11D3-BF4B-00C04F79EFBC}") = "MegBilisim.Services", "MegBilisim.Services\MegBilisim.Services.csproj", "{97BD2915-5FC3-4412-AC82-03F82A90D361}"
EndProject
Project("{FAE04EC0-301F-11D3-BF4B-00C04F79EFBC}") = "MegBilisim.Shared", "MegBilisim.Shared\MegBilisim.Shared.csproj", "{EF71737E-8B63-4122-B4AB-8810D2686028}"
EndProject
Project("{FAE04EC0-301F-11D3-BF4B-00C04F79EFBC}") = "MegBilisim.WebApp", "MegBilisim.WebApp\MegBilisim.WebApp.csproj", "{0B06846C-6829-439B-A6C9-8A5D923A6674}"
EndProject
Global
	GlobalSection(SolutionConfigurationPlatforms) = preSolution
		Debug|Any CPU = Debug|Any CPU
		Release|Any CPU = Release|Any CPU
	EndGlobalSection
	GlobalSection(ProjectConfigurationPlatforms) = postSolution
		{FACC081C-B620-4EDF-9DDE-FD3703A19D98}.Debug|Any CPU.ActiveCfg = Debug|Any CPU
		{FACC081C-B620-4EDF-9DDE-FD3703A19D98}.Debug|Any CPU.Build.0 = Debug|Any CPU
		{FACC081C-B620-4EDF-9DDE-FD3703A19D98}.Release|Any CPU.ActiveCfg = Release|Any CPU
		{FACC081C-B620-4EDF-9DDE-FD3703A19D98}.Release|Any CPU.Build.0 = Release|Any CPU
		{5311F6A7-C8DC-4206-99CA-403EB99F1FD0}.Debug|Any CPU.ActiveCfg = Debug|Any CPU
		{5311F6A7-C8DC-4206-99CA-403EB99F1FD0}.Debug|Any CPU.Build.0 = Debug|Any CPU
		{5311F6A7-C8DC-4206-99CA-403EB99F1FD0}.Release|Any CPU.ActiveCfg = Release|Any CPU
		{5311F6A7-C8DC-4206-99CA-403EB99F1FD0}.Release|Any CPU.Build.0 = Release|Any CPU
		{97BD2915-5FC3-4412-AC82-03F82A90D361}.Debug|Any CPU.ActiveCfg = Debug|Any CPU
		{97BD2915-5FC3-4412-AC82-03F82A90D361}.Debug|Any CPU.Build.0 = Debug|Any CPU
		{97BD2915-5FC3-4412-AC82-03F82A90D361}.Release|Any CPU.ActiveCfg = Release|Any CPU
		{97BD2915-5FC3-4412-AC82-03F82A90D361}.Release|Any CPU.Build.0 = Release|Any CPU
		{EF71737E-8B63-4122-B4AB-8810D2686028}.Debug|Any CPU.ActiveCfg = Debug|Any CPU
		{EF71737E-8B63-4122-B4AB-8810D2686028}.Debug|Any CPU.Build.0 = Debug|Any CPU
		{EF71737E-8B63-4122-B4AB-8810D2686028}.Release|Any CPU.ActiveCfg = Release|Any CPU
		{EF71737E-8B63-4122-B4AB-8810D2686028}.Release|Any CPU.Build.0 = Release|Any CPU
		{0B06846C-6829-439B-A6C9-8A5D923A6674}.Debug|Any CPU.ActiveCfg = Debug|Any CPU
		{0B06846C-6829-439B-A6C9-8A5D923A6674}.Debug|Any CPU.Build.0 = Debug|Any CPU
		{0B06846C-6829-439B-A6C9-8A5D923A6674}.Release|Any CPU.ActiveCfg = Release|Any CPU
		{0B06846C-6829-439B-A6C9-8A5D923A6674}.Release|Any CPU.Build.0 = Release|Any CPU
	EndGlobalSection
	GlobalSection(SolutionProperties) = preSolution
		HideSolutionNode = FALSE
	EndGlobalSection
	GlobalSection(ExtensibilityGlobals) = postSolution
		SolutionGuid = {4304DCF5-252F-4924-8F4A-A54F0A76E4E9}
	EndGlobalSection
EndGlobal
